
Microsoft Visual Studio Solution File, Format Version 12.00
# Visual Studio Version 17
VisualStudioVersion = 17.6.33801.468
MinimumVisualStudioVersion = 10.0.40219.1
Project("{FAE04EC0-301F-11D3-BF4B-00C04F79EFBC}") = "cSharPPracticeYT", "cSharPPracticeYT\cSharPPracticeYT.csproj", "{C5306F04-A5F6-4C28-B27A-5AABB53517CB}"
EndProject
Global
	GlobalSection(SolutionConfigurationPlatforms) = preSolution
		Debug|Any CPU = Debug|Any CPU
		Release|Any CPU = Release|Any CPU
	EndGlobalSection
	GlobalSection(ProjectConfigurationPlatforms) = postSolution
		{C5306F04-A5F6-4C28-B27A-5AABB53517CB}.Debug|Any CPU.ActiveCfg = Debug|Any CPU
		{C5306F04-A5F6-4C28-B27A-5AABB53517CB}.Debug|Any CPU.Build.0 = Debug|Any CPU
		{C5306F04-A5F6-4C28-B27A-5AABB53517CB}.Release|Any CPU.ActiveCfg = Release|Any CPU
		{C5306F04-A5F6-4C28-B27A-5AABB53517CB}.Release|Any CPU.Build.0 = Release|Any CPU
	EndGlobalSection
	GlobalSection(SolutionProperties) = preSolution
		HideSolutionNode = FALSE
	EndGlobalSection
	GlobalSection(ExtensibilityGlobals) = postSolution
		SolutionGuid = {8C4EB463-C5D1-49C7-957E-BAE5A5D3E160}
	EndGlobalSection
EndGlobal
